// !$*UTF8*$!
{
	archiveVersion = 1;
	classes = {
	};
	objectVersion = 56;
	objects = {

/* Begin PBXBuildFile section */
		3A0A76DE2AC1A2D300D79F83 /* PersistenceTests.swift in Sources */ = {isa = PBXBuildFile; fileRef = 3A0A76DD2AC1A2D300D79F83 /* PersistenceTests.swift */; };
		3A0A76E02AC1A2F800D79F83 /* FileTests.swift in Sources */ = {isa = PBXBuildFile; fileRef = 3A0A76DF2AC1A2F800D79F83 /* FileTests.swift */; };
		3A11B49F2ABC57FB008F8172 /* NewmorphicStrokeStyle.swift in Sources */ = {isa = PBXBuildFile; fileRef = 3A11B49E2ABC57FB008F8172 /* NewmorphicStrokeStyle.swift */; };
		3A11B4A12ABC584A008F8172 /* WelcomeText.swift in Sources */ = {isa = PBXBuildFile; fileRef = 3A11B4A02ABC584A008F8172 /* WelcomeText.swift */; };
		3A11B4A32ABC5A57008F8172 /* WelcomeViewText.swift in Sources */ = {isa = PBXBuildFile; fileRef = 3A11B4A22ABC5A57008F8172 /* WelcomeViewText.swift */; };
		3A11B4A62ABC5D75008F8172 /* WelcomeLogoView.swift in Sources */ = {isa = PBXBuildFile; fileRef = 3A11B4A52ABC5D75008F8172 /* WelcomeLogoView.swift */; };
		3A11B4AA2ABC615C008F8172 /* ModeloColumnas.swift in Sources */ = {isa = PBXBuildFile; fileRef = 3A11B4A92ABC615C008F8172 /* ModeloColumnas.swift */; };
		3A11B4AC2ABC7E4D008F8172 /* ValoresEnvironment.swift in Sources */ = {isa = PBXBuildFile; fileRef = 3A11B4AB2ABC7E4D008F8172 /* ValoresEnvironment.swift */; };
		3A14C3DC29F15086009FDF45 /* LaunchScreenView.swift in Sources */ = {isa = PBXBuildFile; fileRef = 3A14C3DB29F15086009FDF45 /* LaunchScreenView.swift */; };
		3A14C3DE29F151F6009FDF45 /* FlipView.swift in Sources */ = {isa = PBXBuildFile; fileRef = 3A14C3DD29F151F6009FDF45 /* FlipView.swift */; };
		3A14C3E129F15465009FDF45 /* InitialView.swift in Sources */ = {isa = PBXBuildFile; fileRef = 3A14C3E029F15465009FDF45 /* InitialView.swift */; };
		3A14C3E529F17A1E009FDF45 /* OpenAnimation.swift in Sources */ = {isa = PBXBuildFile; fileRef = 3A14C3E429F17A1E009FDF45 /* OpenAnimation.swift */; };
		3A14C3E729F1AA99009FDF45 /* GridBackground.swift in Sources */ = {isa = PBXBuildFile; fileRef = 3A14C3E629F1AA99009FDF45 /* GridBackground.swift */; };
		3A20711C29ED46AD0000BF39 /* NeumorphicButtonStyle.swift in Sources */ = {isa = PBXBuildFile; fileRef = 3A20711B29ED46AD0000BF39 /* NeumorphicButtonStyle.swift */; };
		3A21F0FC29E7113B00ACCC83 /* LoadingView.swift in Sources */ = {isa = PBXBuildFile; fileRef = 3A21F0FB29E7113B00ACCC83 /* LoadingView.swift */; };
		3A25B8D729E3181A0078D264 /* AdrianIraizos_Anime_SwiftUIApp.swift in Sources */ = {isa = PBXBuildFile; fileRef = 3A25B8D629E3181A0078D264 /* AdrianIraizos_Anime_SwiftUIApp.swift */; };
		3A25B8DB29E3181B0078D264 /* Assets.xcassets in Resources */ = {isa = PBXBuildFile; fileRef = 3A25B8DA29E3181B0078D264 /* Assets.xcassets */; };
		3A25B8DE29E3181B0078D264 /* Preview Assets.xcassets in Resources */ = {isa = PBXBuildFile; fileRef = 3A25B8DD29E3181B0078D264 /* Preview Assets.xcassets */; };
		3A25B8E629E318600078D264 /* anime.json in Resources */ = {isa = PBXBuildFile; fileRef = 3A25B8E529E318600078D264 /* anime.json */; };
		3A25B8E929E3196A0078D264 /* Anime.swift in Sources */ = {isa = PBXBuildFile; fileRef = 3A25B8E829E3196A0078D264 /* Anime.swift */; };
		3A25B8EB29E31FAA0078D264 /* Persistence.swift in Sources */ = {isa = PBXBuildFile; fileRef = 3A25B8EA29E31FAA0078D264 /* Persistence.swift */; };
		3A25B8F029E32C760078D264 /* FileLocation.swift in Sources */ = {isa = PBXBuildFile; fileRef = 3A25B8EF29E32C760078D264 /* FileLocation.swift */; };
		3A25B8F229E32CD30078D264 /* FileProduction.swift in Sources */ = {isa = PBXBuildFile; fileRef = 3A25B8F129E32CD30078D264 /* FileProduction.swift */; };
		3A25B8F429E32CF90078D264 /* DataTest.swift in Sources */ = {isa = PBXBuildFile; fileRef = 3A25B8F329E32CF90078D264 /* DataTest.swift */; };
		3A25B8F629E32EB50078D264 /* AnimesViewModel.swift in Sources */ = {isa = PBXBuildFile; fileRef = 3A25B8F529E32EB50078D264 /* AnimesViewModel.swift */; };
		3A25B8FA29E330FE0078D264 /* AnimesListView.swift in Sources */ = {isa = PBXBuildFile; fileRef = 3A25B8F929E330FE0078D264 /* AnimesListView.swift */; };
		3A25B8FC29E3369F0078D264 /* AnimeListCell.swift in Sources */ = {isa = PBXBuildFile; fileRef = 3A25B8FB29E3369F0078D264 /* AnimeListCell.swift */; };
		3A25B8FF29E33A8B0078D264 /* ExtColor.swift in Sources */ = {isa = PBXBuildFile; fileRef = 3A25B8FE29E33A8B0078D264 /* ExtColor.swift */; };
		3A25B90229E33C170078D264 /* DarkBackground.swift in Sources */ = {isa = PBXBuildFile; fileRef = 3A25B90129E33C170078D264 /* DarkBackground.swift */; };
		3A25B90429E3433D0078D264 /* LightBackground.swift in Sources */ = {isa = PBXBuildFile; fileRef = 3A25B90329E3433C0078D264 /* LightBackground.swift */; };
		3A313DDB2AC4327400DA879A /* ReadMe.md in Resources */ = {isa = PBXBuildFile; fileRef = 3A313DDA2AC4327400DA879A /* ReadMe.md */; };
		3A3205A829F8133B001FE0FA /* Persistence_AdrianIraizos_Anime_SwiftUITests.swift in Sources */ = {isa = PBXBuildFile; fileRef = 3A3205A729F8133B001FE0FA /* Persistence_AdrianIraizos_Anime_SwiftUITests.swift */; };
		3A3205AF29F8223E001FE0FA /* ViewModel_AdrianIraizos_Anime_SwiftUITests.swift in Sources */ = {isa = PBXBuildFile; fileRef = 3A3205AE29F8223E001FE0FA /* ViewModel_AdrianIraizos_Anime_SwiftUITests.swift */; };
		3A33CB2C29E5441000160AC3 /* Star.swift in Sources */ = {isa = PBXBuildFile; fileRef = 3A33CB2B29E5441000160AC3 /* Star.swift */; };
		3A33CB2E29E544CF00160AC3 /* Polygon.swift in Sources */ = {isa = PBXBuildFile; fileRef = 3A33CB2D29E544CF00160AC3 /* Polygon.swift */; };
		3A33CB3229E5503C00160AC3 /* Points.swift in Sources */ = {isa = PBXBuildFile; fileRef = 3A33CB3129E5503C00160AC3 /* Points.swift */; };
		3A33CB3429E5543C00160AC3 /* RatingView.swift in Sources */ = {isa = PBXBuildFile; fileRef = 3A33CB3329E5543C00160AC3 /* RatingView.swift */; };
		3A33CB3629E56F2700160AC3 /* AnimeStatusView.swift in Sources */ = {isa = PBXBuildFile; fileRef = 3A33CB3529E56F2700160AC3 /* AnimeStatusView.swift */; };
		3A33CB3829E5712000160AC3 /* Triangle.swift in Sources */ = {isa = PBXBuildFile; fileRef = 3A33CB3729E5712000160AC3 /* Triangle.swift */; };
		3A33CB3A29E5727F00160AC3 /* AnimeTypeView.swift in Sources */ = {isa = PBXBuildFile; fileRef = 3A33CB3929E5727F00160AC3 /* AnimeTypeView.swift */; };
		3A33CB3E29E59D3800160AC3 /* Enums.swift in Sources */ = {isa = PBXBuildFile; fileRef = 3A33CB3D29E59D3800160AC3 /* Enums.swift */; };
		3A33CB4029E5A26100160AC3 /* AnimeDetailView.swift in Sources */ = {isa = PBXBuildFile; fileRef = 3A33CB3F29E5A26100160AC3 /* AnimeDetailView.swift */; };
		3A34830029F28B790079B129 /* WatchedGridView.swift in Sources */ = {isa = PBXBuildFile; fileRef = 3A3482FF29F28B790079B129 /* WatchedGridView.swift */; };
		3A34830429F2D17F0079B129 /* ShareAnimeView.swift in Sources */ = {isa = PBXBuildFile; fileRef = 3A34830329F2D17F0079B129 /* ShareAnimeView.swift */; };
		3A34830729F2D9CD0079B129 /* iPadAnimesListView.swift in Sources */ = {isa = PBXBuildFile; fileRef = 3A34830629F2D9CD0079B129 /* iPadAnimesListView.swift */; };
		3A34830929F2EE380079B129 /* iPadAnimeTabView.swift in Sources */ = {isa = PBXBuildFile; fileRef = 3A34830829F2EE380079B129 /* iPadAnimeTabView.swift */; };
		3A3E341B29EE8FAC00B76B5E /* RecommendedAnime.swift in Sources */ = {isa = PBXBuildFile; fileRef = 3A3E341A29EE8FAC00B76B5E /* RecommendedAnime.swift */; };
		3A3E341D29EEAEA600B76B5E /* AnimeTabView.swift in Sources */ = {isa = PBXBuildFile; fileRef = 3A3E341C29EEAEA600B76B5E /* AnimeTabView.swift */; };
		3A3E342529EED25200B76B5E /* AnimeGridCellView.swift in Sources */ = {isa = PBXBuildFile; fileRef = 3A3E342429EED25200B76B5E /* AnimeGridCellView.swift */; };
		3A5874D52AC2F55D00FFBA18 /* AnimesViewModelTest.swift in Sources */ = {isa = PBXBuildFile; fileRef = 3A5874D42AC2F55D00FFBA18 /* AnimesViewModelTest.swift */; };
		3A5874D82AC324AD00FFBA18 /* watchedTest.json in Resources */ = {isa = PBXBuildFile; fileRef = 3A5874D72AC324AD00FFBA18 /* watchedTest.json */; };
		3A5874D92AC324B200FFBA18 /* animeTest.json in Resources */ = {isa = PBXBuildFile; fileRef = 3A5874D62AC3248E00FFBA18 /* animeTest.json */; };
		3A5874DA2AC324D000FFBA18 /* animePreview.json in Resources */ = {isa = PBXBuildFile; fileRef = 3A25B8EC29E32AD70078D264 /* animePreview.json */; };
		3A5874DB2AC324D000FFBA18 /* watchedPreview.json in Resources */ = {isa = PBXBuildFile; fileRef = 3A3E342629EED7D900B76B5E /* watchedPreview.json */; };
		3A826B2629F04B3F00708F83 /* WelcomeView.swift in Sources */ = {isa = PBXBuildFile; fileRef = 3A826B2529F04B3F00708F83 /* WelcomeView.swift */; };
		3AACBF2F29ED638700D0AEF0 /* WatchedShapeView.swift in Sources */ = {isa = PBXBuildFile; fileRef = 3AACBF2E29ED638700D0AEF0 /* WatchedShapeView.swift */; };
		3AACBF3329ED8AEF00D0AEF0 /* NeumorphicViewStyle.swift in Sources */ = {isa = PBXBuildFile; fileRef = 3AACBF3229ED8AEF00D0AEF0 /* NeumorphicViewStyle.swift */; };
		3AACBF3529ED986B00D0AEF0 /* AsyncImageNeumorphicStyle.swift in Sources */ = {isa = PBXBuildFile; fileRef = 3AACBF3429ED986B00D0AEF0 /* AsyncImageNeumorphicStyle.swift */; };
		3AF60E412ABDAD190054BE52 /* ExtDevice.swift in Sources */ = {isa = PBXBuildFile; fileRef = 3AF60E402ABDAD190054BE52 /* ExtDevice.swift */; };
		3AF60E432ABDAD2C0054BE52 /* ExtArray.swift in Sources */ = {isa = PBXBuildFile; fileRef = 3AF60E422ABDAD2C0054BE52 /* ExtArray.swift */; };
		3AF60E472ABDADA50054BE52 /* ViewModifiers.swift in Sources */ = {isa = PBXBuildFile; fileRef = 3AF60E462ABDADA50054BE52 /* ViewModifiers.swift */; };
/* End PBXBuildFile section */

/* Begin PBXContainerItemProxy section */
		3A3205A929F8133B001FE0FA /* PBXContainerItemProxy */ = {
			isa = PBXContainerItemProxy;
			containerPortal = 3A25B8CB29E3181A0078D264 /* Project object */;
			proxyType = 1;
			remoteGlobalIDString = 3A25B8D229E3181A0078D264;
			remoteInfo = AdrianIraizos_Anime_SwiftUI;
		};
/* End PBXContainerItemProxy section */

/* Begin PBXFileReference section */
		3A0A76DD2AC1A2D300D79F83 /* PersistenceTests.swift */ = {isa = PBXFileReference; lastKnownFileType = sourcecode.swift; path = PersistenceTests.swift; sourceTree = "<group>"; };
		3A0A76DF2AC1A2F800D79F83 /* FileTests.swift */ = {isa = PBXFileReference; lastKnownFileType = sourcecode.swift; path = FileTests.swift; sourceTree = "<group>"; };
		3A11B49E2ABC57FB008F8172 /* NewmorphicStrokeStyle.swift */ = {isa = PBXFileReference; lastKnownFileType = sourcecode.swift; path = NewmorphicStrokeStyle.swift; sourceTree = "<group>"; };
		3A11B4A02ABC584A008F8172 /* WelcomeText.swift */ = {isa = PBXFileReference; lastKnownFileType = sourcecode.swift; path = WelcomeText.swift; sourceTree = "<group>"; };
		3A11B4A22ABC5A57008F8172 /* WelcomeViewText.swift */ = {isa = PBXFileReference; lastKnownFileType = sourcecode.swift; path = WelcomeViewText.swift; sourceTree = "<group>"; };
		3A11B4A52ABC5D75008F8172 /* WelcomeLogoView.swift */ = {isa = PBXFileReference; lastKnownFileType = sourcecode.swift; path = WelcomeLogoView.swift; sourceTree = "<group>"; };
		3A11B4A92ABC615C008F8172 /* ModeloColumnas.swift */ = {isa = PBXFileReference; fileEncoding = 4; lastKnownFileType = sourcecode.swift; path = ModeloColumnas.swift; sourceTree = "<group>"; };
		3A11B4AB2ABC7E4D008F8172 /* ValoresEnvironment.swift */ = {isa = PBXFileReference; lastKnownFileType = sourcecode.swift; path = ValoresEnvironment.swift; sourceTree = "<group>"; };
		3A14C3DB29F15086009FDF45 /* LaunchScreenView.swift */ = {isa = PBXFileReference; lastKnownFileType = sourcecode.swift; path = LaunchScreenView.swift; sourceTree = "<group>"; };
		3A14C3DD29F151F6009FDF45 /* FlipView.swift */ = {isa = PBXFileReference; lastKnownFileType = sourcecode.swift; path = FlipView.swift; sourceTree = "<group>"; };
		3A14C3E029F15465009FDF45 /* InitialView.swift */ = {isa = PBXFileReference; lastKnownFileType = sourcecode.swift; path = InitialView.swift; sourceTree = "<group>"; };
		3A14C3E229F177E2009FDF45 /* Info.plist */ = {isa = PBXFileReference; lastKnownFileType = text.plist.xml; path = Info.plist; sourceTree = "<group>"; };
		3A14C3E429F17A1E009FDF45 /* OpenAnimation.swift */ = {isa = PBXFileReference; lastKnownFileType = sourcecode.swift; path = OpenAnimation.swift; sourceTree = "<group>"; };
		3A14C3E629F1AA99009FDF45 /* GridBackground.swift */ = {isa = PBXFileReference; lastKnownFileType = sourcecode.swift; path = GridBackground.swift; sourceTree = "<group>"; };
		3A20711B29ED46AD0000BF39 /* NeumorphicButtonStyle.swift */ = {isa = PBXFileReference; lastKnownFileType = sourcecode.swift; path = NeumorphicButtonStyle.swift; sourceTree = "<group>"; };
		3A21F0FB29E7113B00ACCC83 /* LoadingView.swift */ = {isa = PBXFileReference; lastKnownFileType = sourcecode.swift; path = LoadingView.swift; sourceTree = "<group>"; };
		3A25B8D329E3181A0078D264 /* AdrianIraizos_Anime_SwiftUI.app */ = {isa = PBXFileReference; explicitFileType = wrapper.application; includeInIndex = 0; path = AdrianIraizos_Anime_SwiftUI.app; sourceTree = BUILT_PRODUCTS_DIR; };
		3A25B8D629E3181A0078D264 /* AdrianIraizos_Anime_SwiftUIApp.swift */ = {isa = PBXFileReference; lastKnownFileType = sourcecode.swift; path = AdrianIraizos_Anime_SwiftUIApp.swift; sourceTree = "<group>"; };
		3A25B8DA29E3181B0078D264 /* Assets.xcassets */ = {isa = PBXFileReference; lastKnownFileType = folder.assetcatalog; path = Assets.xcassets; sourceTree = "<group>"; };
		3A25B8DD29E3181B0078D264 /* Preview Assets.xcassets */ = {isa = PBXFileReference; lastKnownFileType = folder.assetcatalog; path = "Preview Assets.xcassets"; sourceTree = "<group>"; };
		3A25B8E529E318600078D264 /* anime.json */ = {isa = PBXFileReference; fileEncoding = 4; lastKnownFileType = text.json; path = anime.json; sourceTree = "<group>"; };
		3A25B8E829E3196A0078D264 /* Anime.swift */ = {isa = PBXFileReference; lastKnownFileType = sourcecode.swift; path = Anime.swift; sourceTree = "<group>"; };
		3A25B8EA29E31FAA0078D264 /* Persistence.swift */ = {isa = PBXFileReference; lastKnownFileType = sourcecode.swift; path = Persistence.swift; sourceTree = "<group>"; };
		3A25B8EC29E32AD70078D264 /* animePreview.json */ = {isa = PBXFileReference; fileEncoding = 4; lastKnownFileType = text.json; path = animePreview.json; sourceTree = "<group>"; };
		3A25B8EF29E32C760078D264 /* FileLocation.swift */ = {isa = PBXFileReference; lastKnownFileType = sourcecode.swift; path = FileLocation.swift; sourceTree = "<group>"; };
		3A25B8F129E32CD30078D264 /* FileProduction.swift */ = {isa = PBXFileReference; lastKnownFileType = sourcecode.swift; path = FileProduction.swift; sourceTree = "<group>"; };
		3A25B8F329E32CF90078D264 /* DataTest.swift */ = {isa = PBXFileReference; lastKnownFileType = sourcecode.swift; path = DataTest.swift; sourceTree = "<group>"; };
		3A25B8F529E32EB50078D264 /* AnimesViewModel.swift */ = {isa = PBXFileReference; lastKnownFileType = sourcecode.swift; path = AnimesViewModel.swift; sourceTree = "<group>"; };
		3A25B8F929E330FE0078D264 /* AnimesListView.swift */ = {isa = PBXFileReference; lastKnownFileType = sourcecode.swift; path = AnimesListView.swift; sourceTree = "<group>"; };
		3A25B8FB29E3369F0078D264 /* AnimeListCell.swift */ = {isa = PBXFileReference; lastKnownFileType = sourcecode.swift; path = AnimeListCell.swift; sourceTree = "<group>"; };
		3A25B8FE29E33A8B0078D264 /* ExtColor.swift */ = {isa = PBXFileReference; lastKnownFileType = sourcecode.swift; path = ExtColor.swift; sourceTree = "<group>"; };
		3A25B90129E33C170078D264 /* DarkBackground.swift */ = {isa = PBXFileReference; lastKnownFileType = sourcecode.swift; path = DarkBackground.swift; sourceTree = "<group>"; };
		3A25B90329E3433C0078D264 /* LightBackground.swift */ = {isa = PBXFileReference; lastKnownFileType = sourcecode.swift; path = LightBackground.swift; sourceTree = "<group>"; };
		3A313DDA2AC4327400DA879A /* ReadMe.md */ = {isa = PBXFileReference; lastKnownFileType = net.daringfireball.markdown; path = ReadMe.md; sourceTree = "<group>"; };
		3A3205A529F8133B001FE0FA /* AdrianIraizos_Anime_SwiftUITests.xctest */ = {isa = PBXFileReference; explicitFileType = wrapper.cfbundle; includeInIndex = 0; path = AdrianIraizos_Anime_SwiftUITests.xctest; sourceTree = BUILT_PRODUCTS_DIR; };
		3A3205A729F8133B001FE0FA /* Persistence_AdrianIraizos_Anime_SwiftUITests.swift */ = {isa = PBXFileReference; lastKnownFileType = sourcecode.swift; path = Persistence_AdrianIraizos_Anime_SwiftUITests.swift; sourceTree = "<group>"; };
		3A3205AE29F8223E001FE0FA /* ViewModel_AdrianIraizos_Anime_SwiftUITests.swift */ = {isa = PBXFileReference; lastKnownFileType = sourcecode.swift; path = ViewModel_AdrianIraizos_Anime_SwiftUITests.swift; sourceTree = "<group>"; };
		3A33CB2B29E5441000160AC3 /* Star.swift */ = {isa = PBXFileReference; lastKnownFileType = sourcecode.swift; path = Star.swift; sourceTree = "<group>"; };
		3A33CB2D29E544CF00160AC3 /* Polygon.swift */ = {isa = PBXFileReference; lastKnownFileType = sourcecode.swift; path = Polygon.swift; sourceTree = "<group>"; };
		3A33CB3129E5503C00160AC3 /* Points.swift */ = {isa = PBXFileReference; lastKnownFileType = sourcecode.swift; path = Points.swift; sourceTree = "<group>"; };
		3A33CB3329E5543C00160AC3 /* RatingView.swift */ = {isa = PBXFileReference; lastKnownFileType = sourcecode.swift; path = RatingView.swift; sourceTree = "<group>"; };
		3A33CB3529E56F2700160AC3 /* AnimeStatusView.swift */ = {isa = PBXFileReference; lastKnownFileType = sourcecode.swift; path = AnimeStatusView.swift; sourceTree = "<group>"; };
		3A33CB3729E5712000160AC3 /* Triangle.swift */ = {isa = PBXFileReference; lastKnownFileType = sourcecode.swift; path = Triangle.swift; sourceTree = "<group>"; };
		3A33CB3929E5727F00160AC3 /* AnimeTypeView.swift */ = {isa = PBXFileReference; lastKnownFileType = sourcecode.swift; path = AnimeTypeView.swift; sourceTree = "<group>"; };
		3A33CB3D29E59D3800160AC3 /* Enums.swift */ = {isa = PBXFileReference; lastKnownFileType = sourcecode.swift; path = Enums.swift; sourceTree = "<group>"; };
		3A33CB3F29E5A26100160AC3 /* AnimeDetailView.swift */ = {isa = PBXFileReference; lastKnownFileType = sourcecode.swift; path = AnimeDetailView.swift; sourceTree = "<group>"; };
		3A3482FF29F28B790079B129 /* WatchedGridView.swift */ = {isa = PBXFileReference; lastKnownFileType = sourcecode.swift; path = WatchedGridView.swift; sourceTree = "<group>"; };
		3A34830329F2D17F0079B129 /* ShareAnimeView.swift */ = {isa = PBXFileReference; lastKnownFileType = sourcecode.swift; path = ShareAnimeView.swift; sourceTree = "<group>"; };
		3A34830629F2D9CD0079B129 /* iPadAnimesListView.swift */ = {isa = PBXFileReference; fileEncoding = 4; lastKnownFileType = sourcecode.swift; path = iPadAnimesListView.swift; sourceTree = "<group>"; };
		3A34830829F2EE380079B129 /* iPadAnimeTabView.swift */ = {isa = PBXFileReference; fileEncoding = 4; lastKnownFileType = sourcecode.swift; path = iPadAnimeTabView.swift; sourceTree = "<group>"; };
		3A3E341A29EE8FAC00B76B5E /* RecommendedAnime.swift */ = {isa = PBXFileReference; lastKnownFileType = sourcecode.swift; path = RecommendedAnime.swift; sourceTree = "<group>"; };
		3A3E341C29EEAEA600B76B5E /* AnimeTabView.swift */ = {isa = PBXFileReference; lastKnownFileType = sourcecode.swift; path = AnimeTabView.swift; sourceTree = "<group>"; };
		3A3E342429EED25200B76B5E /* AnimeGridCellView.swift */ = {isa = PBXFileReference; lastKnownFileType = sourcecode.swift; path = AnimeGridCellView.swift; sourceTree = "<group>"; };
		3A3E342629EED7D900B76B5E /* watchedPreview.json */ = {isa = PBXFileReference; fileEncoding = 4; lastKnownFileType = text.json; path = watchedPreview.json; sourceTree = "<group>"; };
		3A5874D42AC2F55D00FFBA18 /* AnimesViewModelTest.swift */ = {isa = PBXFileReference; lastKnownFileType = sourcecode.swift; path = AnimesViewModelTest.swift; sourceTree = "<group>"; };
		3A5874D62AC3248E00FFBA18 /* animeTest.json */ = {isa = PBXFileReference; lastKnownFileType = text.json; path = animeTest.json; sourceTree = "<group>"; };
		3A5874D72AC324AD00FFBA18 /* watchedTest.json */ = {isa = PBXFileReference; lastKnownFileType = text.json; path = watchedTest.json; sourceTree = "<group>"; };
		3A826B2529F04B3F00708F83 /* WelcomeView.swift */ = {isa = PBXFileReference; lastKnownFileType = sourcecode.swift; path = WelcomeView.swift; sourceTree = "<group>"; };
		3AACBF2E29ED638700D0AEF0 /* WatchedShapeView.swift */ = {isa = PBXFileReference; lastKnownFileType = sourcecode.swift; path = WatchedShapeView.swift; sourceTree = "<group>"; };
		3AACBF3229ED8AEF00D0AEF0 /* NeumorphicViewStyle.swift */ = {isa = PBXFileReference; lastKnownFileType = sourcecode.swift; path = NeumorphicViewStyle.swift; sourceTree = "<group>"; };
		3AACBF3429ED986B00D0AEF0 /* AsyncImageNeumorphicStyle.swift */ = {isa = PBXFileReference; lastKnownFileType = sourcecode.swift; path = AsyncImageNeumorphicStyle.swift; sourceTree = "<group>"; };
		3AF60E402ABDAD190054BE52 /* ExtDevice.swift */ = {isa = PBXFileReference; lastKnownFileType = sourcecode.swift; path = ExtDevice.swift; sourceTree = "<group>"; };
		3AF60E422ABDAD2C0054BE52 /* ExtArray.swift */ = {isa = PBXFileReference; lastKnownFileType = sourcecode.swift; path = ExtArray.swift; sourceTree = "<group>"; };
		3AF60E462ABDADA50054BE52 /* ViewModifiers.swift */ = {isa = PBXFileReference; lastKnownFileType = sourcecode.swift; path = ViewModifiers.swift; sourceTree = "<group>"; };
/* End PBXFileReference section */

/* Begin PBXFrameworksBuildPhase section */
		3A25B8D029E3181A0078D264 /* Frameworks */ = {
			isa = PBXFrameworksBuildPhase;
			buildActionMask = 2147483647;
			files = (
			);
			runOnlyForDeploymentPostprocessing = 0;
		};
		3A3205A229F8133B001FE0FA /* Frameworks */ = {
			isa = PBXFrameworksBuildPhase;
			buildActionMask = 2147483647;
			files = (
			);
			runOnlyForDeploymentPostprocessing = 0;
		};
/* End PBXFrameworksBuildPhase section */

/* Begin PBXGroup section */
		3A0A76DC2AC1A2C200D79F83 /* Helpers */ = {
			isa = PBXGroup;
			children = (
				3A5874D62AC3248E00FFBA18 /* animeTest.json */,
				3A5874D72AC324AD00FFBA18 /* watchedTest.json */,
				3A0A76DD2AC1A2D300D79F83 /* PersistenceTests.swift */,
				3A0A76DF2AC1A2F800D79F83 /* FileTests.swift */,
				3A5874D42AC2F55D00FFBA18 /* AnimesViewModelTest.swift */,
			);
			name = Helpers;
			sourceTree = "<group>";
		};
		3A11B4A42ABC5D51008F8172 /* Welcome */ = {
			isa = PBXGroup;
			children = (
				3A21F0FB29E7113B00ACCC83 /* LoadingView.swift */,
				3A11B4A22ABC5A57008F8172 /* WelcomeViewText.swift */,
				3A11B4A02ABC584A008F8172 /* WelcomeText.swift */,
				3A11B4A52ABC5D75008F8172 /* WelcomeLogoView.swift */,
			);
			name = Welcome;
			sourceTree = "<group>";
		};
		3A11B4A72ABC6014008F8172 /* List */ = {
			isa = PBXGroup;
			children = (
				3A33CB3929E5727F00160AC3 /* AnimeTypeView.swift */,
				3A33CB3529E56F2700160AC3 /* AnimeStatusView.swift */,
				3A3E342429EED25200B76B5E /* AnimeGridCellView.swift */,
				3A25B8FB29E3369F0078D264 /* AnimeListCell.swift */,
			);
			name = List;
			sourceTree = "<group>";
		};
		3A11B4A82ABC6036008F8172 /* Detail */ = {
			isa = PBXGroup;
			children = (
				3A33CB3329E5543C00160AC3 /* RatingView.swift */,
				3AACBF2E29ED638700D0AEF0 /* WatchedShapeView.swift */,
				3A3E341A29EE8FAC00B76B5E /* RecommendedAnime.swift */,
			);
			name = Detail;
			sourceTree = "<group>";
		};
		3A11B4AD2ABC86E5008F8172 /* Animations */ = {
			isa = PBXGroup;
			children = (
				3A14C3DD29F151F6009FDF45 /* FlipView.swift */,
				3A14C3E429F17A1E009FDF45 /* OpenAnimation.swift */,
			);
			name = Animations;
			sourceTree = "<group>";
		};
		3A11B4AE2ABC8A03008F8172 /* Neumorphic */ = {
			isa = PBXGroup;
			children = (
				3A25B90129E33C170078D264 /* DarkBackground.swift */,
				3A25B90329E3433C0078D264 /* LightBackground.swift */,
				3A11B49E2ABC57FB008F8172 /* NewmorphicStrokeStyle.swift */,
				3AACBF3429ED986B00D0AEF0 /* AsyncImageNeumorphicStyle.swift */,
				3AACBF3229ED8AEF00D0AEF0 /* NeumorphicViewStyle.swift */,
				3A20711B29ED46AD0000BF39 /* NeumorphicButtonStyle.swift */,
			);
			name = Neumorphic;
			sourceTree = "<group>";
		};
		3A11B4AF2ABC8A28008F8172 /* Grids */ = {
			isa = PBXGroup;
			children = (
				3A11B4A92ABC615C008F8172 /* ModeloColumnas.swift */,
			);
			name = Grids;
			sourceTree = "<group>";
		};
		3A14C3DF29F15434009FDF45 /* System */ = {
			isa = PBXGroup;
			children = (
				3A25B8E429E3184A0078D264 /* Resources */,
				3A25B8DA29E3181B0078D264 /* Assets.xcassets */,
				3A14C3E229F177E2009FDF45 /* Info.plist */,
				3A11B4AB2ABC7E4D008F8172 /* ValoresEnvironment.swift */,
			);
			name = System;
			sourceTree = "<group>";
		};
		3A25B8CA29E3181A0078D264 = {
			isa = PBXGroup;
			children = (
				3A313DDA2AC4327400DA879A /* ReadMe.md */,
				3A25B8D529E3181A0078D264 /* AdrianIraizos_Anime_SwiftUI */,
				3A3205A629F8133B001FE0FA /* AdrianIraizos_Anime_SwiftUITests */,
				3A25B8D429E3181A0078D264 /* Products */,
			);
			sourceTree = "<group>";
		};
		3A25B8D429E3181A0078D264 /* Products */ = {
			isa = PBXGroup;
			children = (
				3A25B8D329E3181A0078D264 /* AdrianIraizos_Anime_SwiftUI.app */,
				3A3205A529F8133B001FE0FA /* AdrianIraizos_Anime_SwiftUITests.xctest */,
			);
			name = Products;
			sourceTree = "<group>";
		};
		3A25B8D529E3181A0078D264 /* AdrianIraizos_Anime_SwiftUI */ = {
			isa = PBXGroup;
			children = (
				3A25B8D629E3181A0078D264 /* AdrianIraizos_Anime_SwiftUIApp.swift */,
				3AB4421B2B7E271A00E0275D /* View */,
				3AB4421A2B7E26EB00E0275D /* Helpers */,
				3AB442192B7E26CE00E0275D /* Persistence */,
				3AB442182B7E26A500E0275D /* ViewModel */,
				3AB442172B7E269000E0275D /* Model */,
				3A14C3DF29F15434009FDF45 /* System */,
				3A25B8DC29E3181B0078D264 /* Preview Content */,
			);
			path = AdrianIraizos_Anime_SwiftUI;
			sourceTree = "<group>";
		};
		3A25B8DC29E3181B0078D264 /* Preview Content */ = {
			isa = PBXGroup;
			children = (
				3A25B8F329E32CF90078D264 /* DataTest.swift */,
				3A25B8EC29E32AD70078D264 /* animePreview.json */,
				3A3E342629EED7D900B76B5E /* watchedPreview.json */,
				3A25B8DD29E3181B0078D264 /* Preview Assets.xcassets */,
			);
			path = "Preview Content";
			sourceTree = "<group>";
		};
		3A25B8E429E3184A0078D264 /* Resources */ = {
			isa = PBXGroup;
			children = (
				3A25B8E529E318600078D264 /* anime.json */,
			);
			name = Resources;
			sourceTree = "<group>";
		};
		3A25B90029E33B5F0078D264 /* ViewHelpers */ = {
			isa = PBXGroup;
			children = (
				3A34830329F2D17F0079B129 /* ShareAnimeView.swift */,
				3A11B4AF2ABC8A28008F8172 /* Grids */,
				3A11B4AD2ABC86E5008F8172 /* Animations */,
			);
			name = ViewHelpers;
			path = ..;
			sourceTree = "<group>";
		};
		3A3205A629F8133B001FE0FA /* AdrianIraizos_Anime_SwiftUITests */ = {
			isa = PBXGroup;
			children = (
				3A0A76DC2AC1A2C200D79F83 /* Helpers */,
				3A3205A729F8133B001FE0FA /* Persistence_AdrianIraizos_Anime_SwiftUITests.swift */,
				3A3205AE29F8223E001FE0FA /* ViewModel_AdrianIraizos_Anime_SwiftUITests.swift */,
			);
			path = AdrianIraizos_Anime_SwiftUITests;
			sourceTree = "<group>";
		};
		3A34830529F2D9A90079B129 /* iPad */ = {
			isa = PBXGroup;
			children = (
				3A34830829F2EE380079B129 /* iPadAnimeTabView.swift */,
				3A34830629F2D9CD0079B129 /* iPadAnimesListView.swift */,
			);
			name = iPad;
			path = ..;
			sourceTree = "<group>";
		};
		3A3E341929EE8D4000B76B5E /* ViewComponents */ = {
			isa = PBXGroup;
			children = (
				3AF60E452ABDAD950054BE52 /* ViewModifiers */,
				3AF60E3F2ABDACCE0054BE52 /* Shapes */,
				3AC72FA82ABC8AE5000B0984 /* Grids */,
				3A11B4A82ABC6036008F8172 /* Detail */,
				3A11B4A72ABC6014008F8172 /* List */,
				3A11B4AE2ABC8A03008F8172 /* Neumorphic */,
				3A11B4A42ABC5D51008F8172 /* Welcome */,
			);
			name = ViewComponents;
			path = ..;
			sourceTree = "<group>";
		};
		3AB442172B7E269000E0275D /* Model */ = {
			isa = PBXGroup;
			children = (
				3A25B8E829E3196A0078D264 /* Anime.swift */,
			);
			path = Model;
			sourceTree = "<group>";
		};
		3AB442182B7E26A500E0275D /* ViewModel */ = {
			isa = PBXGroup;
			children = (
				3A25B8F529E32EB50078D264 /* AnimesViewModel.swift */,
			);
			path = ViewModel;
			sourceTree = "<group>";
		};
		3AB442192B7E26CE00E0275D /* Persistence */ = {
			isa = PBXGroup;
			children = (
				3A25B8EA29E31FAA0078D264 /* Persistence.swift */,
			);
			path = Persistence;
			sourceTree = "<group>";
		};
		3AB4421A2B7E26EB00E0275D /* Helpers */ = {
			isa = PBXGroup;
			children = (
				3AF60E442ABDAD390054BE52 /* Extensiones */,
				3A33CB3D29E59D3800160AC3 /* Enums.swift */,
				3A25B8EF29E32C760078D264 /* FileLocation.swift */,
				3A25B8F129E32CD30078D264 /* FileProduction.swift */,
			);
			path = Helpers;
			sourceTree = "<group>";
		};
		3AB4421B2B7E271A00E0275D /* View */ = {
			isa = PBXGroup;
			children = (
				3A3E341929EE8D4000B76B5E /* ViewComponents */,
				3A25B90029E33B5F0078D264 /* ViewHelpers */,
				3A14C3DB29F15086009FDF45 /* LaunchScreenView.swift */,
				3A826B2529F04B3F00708F83 /* WelcomeView.swift */,
				3A14C3E029F15465009FDF45 /* InitialView.swift */,
				3A3E341C29EEAEA600B76B5E /* AnimeTabView.swift */,
				3A25B8F929E330FE0078D264 /* AnimesListView.swift */,
				3A33CB3F29E5A26100160AC3 /* AnimeDetailView.swift */,
				3A3482FF29F28B790079B129 /* WatchedGridView.swift */,
				3A34830529F2D9A90079B129 /* iPad */,
			);
			path = View;
			sourceTree = "<group>";
		};
		3AC72FA82ABC8AE5000B0984 /* Grids */ = {
			isa = PBXGroup;
			children = (
				3A14C3E629F1AA99009FDF45 /* GridBackground.swift */,
			);
			name = Grids;
			sourceTree = "<group>";
		};
		3AF60E3F2ABDACCE0054BE52 /* Shapes */ = {
			isa = PBXGroup;
			children = (
				3A33CB2B29E5441000160AC3 /* Star.swift */,
				3A33CB2D29E544CF00160AC3 /* Polygon.swift */,
				3A33CB3129E5503C00160AC3 /* Points.swift */,
				3A33CB3729E5712000160AC3 /* Triangle.swift */,
			);
			name = Shapes;
			sourceTree = "<group>";
		};
		3AF60E442ABDAD390054BE52 /* Extensiones */ = {
			isa = PBXGroup;
			children = (
				3AF60E402ABDAD190054BE52 /* ExtDevice.swift */,
				3AF60E422ABDAD2C0054BE52 /* ExtArray.swift */,
				3A25B8FE29E33A8B0078D264 /* ExtColor.swift */,
			);
			name = Extensiones;
			path = ..;
			sourceTree = "<group>";
		};
		3AF60E452ABDAD950054BE52 /* ViewModifiers */ = {
			isa = PBXGroup;
			children = (
				3AF60E462ABDADA50054BE52 /* ViewModifiers.swift */,
			);
			name = ViewModifiers;
			sourceTree = "<group>";
		};
/* End PBXGroup section */

/* Begin PBXNativeTarget section */
		3A25B8D229E3181A0078D264 /* AdrianIraizos_Anime_SwiftUI */ = {
			isa = PBXNativeTarget;
			buildConfigurationList = 3A25B8E129E3181B0078D264 /* Build configuration list for PBXNativeTarget "AdrianIraizos_Anime_SwiftUI" */;
			buildPhases = (
				3A25B8CF29E3181A0078D264 /* Sources */,
				3A25B8D029E3181A0078D264 /* Frameworks */,
				3A25B8D129E3181A0078D264 /* Resources */,
			);
			buildRules = (
			);
			dependencies = (
			);
			name = AdrianIraizos_Anime_SwiftUI;
			productName = AdrianIraizos_Anime_SwiftUI;
			productReference = 3A25B8D329E3181A0078D264 /* AdrianIraizos_Anime_SwiftUI.app */;
			productType = "com.apple.product-type.application";
		};
		3A3205A429F8133B001FE0FA /* AdrianIraizos_Anime_SwiftUITests */ = {
			isa = PBXNativeTarget;
			buildConfigurationList = 3A3205AB29F8133B001FE0FA /* Build configuration list for PBXNativeTarget "AdrianIraizos_Anime_SwiftUITests" */;
			buildPhases = (
				3A3205A129F8133B001FE0FA /* Sources */,
				3A3205A229F8133B001FE0FA /* Frameworks */,
				3A3205A329F8133B001FE0FA /* Resources */,
			);
			buildRules = (
			);
			dependencies = (
				3A3205AA29F8133B001FE0FA /* PBXTargetDependency */,
			);
			name = AdrianIraizos_Anime_SwiftUITests;
			productName = AdrianIraizos_Anime_SwiftUITests;
			productReference = 3A3205A529F8133B001FE0FA /* AdrianIraizos_Anime_SwiftUITests.xctest */;
			productType = "com.apple.product-type.bundle.unit-test";
		};
/* End PBXNativeTarget section */

/* Begin PBXProject section */
		3A25B8CB29E3181A0078D264 /* Project object */ = {
			isa = PBXProject;
			attributes = {
				BuildIndependentTargetsInParallel = 1;
				LastSwiftUpdateCheck = 1430;
				LastUpgradeCheck = 1500;
				TargetAttributes = {
					3A25B8D229E3181A0078D264 = {
						CreatedOnToolsVersion = 14.3;
					};
					3A3205A429F8133B001FE0FA = {
						CreatedOnToolsVersion = 14.3;
						TestTargetID = 3A25B8D229E3181A0078D264;
					};
				};
			};
			buildConfigurationList = 3A25B8CE29E3181A0078D264 /* Build configuration list for PBXProject "AdrianIraizos_Anime_SwiftUI" */;
			compatibilityVersion = "Xcode 14.0";
			developmentRegion = en;
			hasScannedForEncodings = 0;
			knownRegions = (
				en,
				Base,
			);
			mainGroup = 3A25B8CA29E3181A0078D264;
			productRefGroup = 3A25B8D429E3181A0078D264 /* Products */;
			projectDirPath = "";
			projectRoot = "";
			targets = (
				3A25B8D229E3181A0078D264 /* AdrianIraizos_Anime_SwiftUI */,
				3A3205A429F8133B001FE0FA /* AdrianIraizos_Anime_SwiftUITests */,
			);
		};
/* End PBXProject section */

/* Begin PBXResourcesBuildPhase section */
		3A25B8D129E3181A0078D264 /* Resources */ = {
			isa = PBXResourcesBuildPhase;
			buildActionMask = 2147483647;
			files = (
				3A5874DB2AC324D000FFBA18 /* watchedPreview.json in Resources */,
				3A5874DA2AC324D000FFBA18 /* animePreview.json in Resources */,
				3A313DDB2AC4327400DA879A /* ReadMe.md in Resources */,
				3A25B8DE29E3181B0078D264 /* Preview Assets.xcassets in Resources */,
				3A25B8DB29E3181B0078D264 /* Assets.xcassets in Resources */,
				3A25B8E629E318600078D264 /* anime.json in Resources */,
			);
			runOnlyForDeploymentPostprocessing = 0;
		};
		3A3205A329F8133B001FE0FA /* Resources */ = {
			isa = PBXResourcesBuildPhase;
			buildActionMask = 2147483647;
			files = (
				3A5874D92AC324B200FFBA18 /* animeTest.json in Resources */,
				3A5874D82AC324AD00FFBA18 /* watchedTest.json in Resources */,
			);
			runOnlyForDeploymentPostprocessing = 0;
		};
/* End PBXResourcesBuildPhase section */

/* Begin PBXSourcesBuildPhase section */
		3A25B8CF29E3181A0078D264 /* Sources */ = {
			isa = PBXSourcesBuildPhase;
			buildActionMask = 2147483647;
			files = (
				3A25B8F629E32EB50078D264 /* AnimesViewModel.swift in Sources */,
				3A14C3DE29F151F6009FDF45 /* FlipView.swift in Sources */,
				3A25B8D729E3181A0078D264 /* AdrianIraizos_Anime_SwiftUIApp.swift in Sources */,
				3A25B8FA29E330FE0078D264 /* AnimesListView.swift in Sources */,
				3A21F0FC29E7113B00ACCC83 /* LoadingView.swift in Sources */,
				3A34830929F2EE380079B129 /* iPadAnimeTabView.swift in Sources */,
				3AACBF3529ED986B00D0AEF0 /* AsyncImageNeumorphicStyle.swift in Sources */,
				3A11B4A12ABC584A008F8172 /* WelcomeText.swift in Sources */,
				3A20711C29ED46AD0000BF39 /* NeumorphicButtonStyle.swift in Sources */,
				3A33CB3829E5712000160AC3 /* Triangle.swift in Sources */,
				3A11B49F2ABC57FB008F8172 /* NewmorphicStrokeStyle.swift in Sources */,
				3A14C3DC29F15086009FDF45 /* LaunchScreenView.swift in Sources */,
				3A3E341D29EEAEA600B76B5E /* AnimeTabView.swift in Sources */,
				3A25B8FF29E33A8B0078D264 /* ExtColor.swift in Sources */,
				3A33CB3229E5503C00160AC3 /* Points.swift in Sources */,
				3A25B90429E3433D0078D264 /* LightBackground.swift in Sources */,
				3A14C3E529F17A1E009FDF45 /* OpenAnimation.swift in Sources */,
				3AF60E432ABDAD2C0054BE52 /* ExtArray.swift in Sources */,
				3A33CB2C29E5441000160AC3 /* Star.swift in Sources */,
				3A11B4A62ABC5D75008F8172 /* WelcomeLogoView.swift in Sources */,
				3A33CB2E29E544CF00160AC3 /* Polygon.swift in Sources */,
				3A33CB3E29E59D3800160AC3 /* Enums.swift in Sources */,
				3A25B8F229E32CD30078D264 /* FileProduction.swift in Sources */,
				3A33CB3629E56F2700160AC3 /* AnimeStatusView.swift in Sources */,
				3A11B4A32ABC5A57008F8172 /* WelcomeViewText.swift in Sources */,
				3A25B8E929E3196A0078D264 /* Anime.swift in Sources */,
				3A25B8FC29E3369F0078D264 /* AnimeListCell.swift in Sources */,
				3A14C3E129F15465009FDF45 /* InitialView.swift in Sources */,
				3A33CB3A29E5727F00160AC3 /* AnimeTypeView.swift in Sources */,
				3A33CB3429E5543C00160AC3 /* RatingView.swift in Sources */,
				3A3E341B29EE8FAC00B76B5E /* RecommendedAnime.swift in Sources */,
				3A25B8F429E32CF90078D264 /* DataTest.swift in Sources */,
				3A11B4AA2ABC615C008F8172 /* ModeloColumnas.swift in Sources */,
				3A25B8EB29E31FAA0078D264 /* Persistence.swift in Sources */,
				3AF60E472ABDADA50054BE52 /* ViewModifiers.swift in Sources */,
				3A33CB4029E5A26100160AC3 /* AnimeDetailView.swift in Sources */,
				3A34830029F28B790079B129 /* WatchedGridView.swift in Sources */,
				3A3E342529EED25200B76B5E /* AnimeGridCellView.swift in Sources */,
				3AACBF3329ED8AEF00D0AEF0 /* NeumorphicViewStyle.swift in Sources */,
				3A826B2629F04B3F00708F83 /* WelcomeView.swift in Sources */,
				3AACBF2F29ED638700D0AEF0 /* WatchedShapeView.swift in Sources */,
				3A14C3E729F1AA99009FDF45 /* GridBackground.swift in Sources */,
				3A11B4AC2ABC7E4D008F8172 /* ValoresEnvironment.swift in Sources */,
				3AF60E412ABDAD190054BE52 /* ExtDevice.swift in Sources */,
				3A25B8F029E32C760078D264 /* FileLocation.swift in Sources */,
				3A34830429F2D17F0079B129 /* ShareAnimeView.swift in Sources */,
				3A25B90229E33C170078D264 /* DarkBackground.swift in Sources */,
				3A34830729F2D9CD0079B129 /* iPadAnimesListView.swift in Sources */,
			);
			runOnlyForDeploymentPostprocessing = 0;
		};
		3A3205A129F8133B001FE0FA /* Sources */ = {
			isa = PBXSourcesBuildPhase;
			buildActionMask = 2147483647;
			files = (
				3A5874D52AC2F55D00FFBA18 /* AnimesViewModelTest.swift in Sources */,
				3A0A76DE2AC1A2D300D79F83 /* PersistenceTests.swift in Sources */,
				3A0A76E02AC1A2F800D79F83 /* FileTests.swift in Sources */,
				3A3205AF29F8223E001FE0FA /* ViewModel_AdrianIraizos_Anime_SwiftUITests.swift in Sources */,
				3A3205A829F8133B001FE0FA /* Persistence_AdrianIraizos_Anime_SwiftUITests.swift in Sources */,
			);
			runOnlyForDeploymentPostprocessing = 0;
		};
/* End PBXSourcesBuildPhase section */

/* Begin PBXTargetDependency section */
		3A3205AA29F8133B001FE0FA /* PBXTargetDependency */ = {
			isa = PBXTargetDependency;
			target = 3A25B8D229E3181A0078D264 /* AdrianIraizos_Anime_SwiftUI */;
			targetProxy = 3A3205A929F8133B001FE0FA /* PBXContainerItemProxy */;
		};
/* End PBXTargetDependency section */

/* Begin XCBuildConfiguration section */
		3A25B8DF29E3181B0078D264 /* Debug */ = {
			isa = XCBuildConfiguration;
			buildSettings = {
				ALWAYS_SEARCH_USER_PATHS = NO;
				CLANG_ANALYZER_NONNULL = YES;
				CLANG_ANALYZER_NUMBER_OBJECT_CONVERSION = YES_AGGRESSIVE;
				CLANG_CXX_LANGUAGE_STANDARD = "gnu++20";
				CLANG_ENABLE_MODULES = YES;
				CLANG_ENABLE_OBJC_ARC = YES;
				CLANG_ENABLE_OBJC_WEAK = YES;
				CLANG_WARN_BLOCK_CAPTURE_AUTORELEASING = YES;
				CLANG_WARN_BOOL_CONVERSION = YES;
				CLANG_WARN_COMMA = YES;
				CLANG_WARN_CONSTANT_CONVERSION = YES;
				CLANG_WARN_DEPRECATED_OBJC_IMPLEMENTATIONS = YES;
				CLANG_WARN_DIRECT_OBJC_ISA_USAGE = YES_ERROR;
				CLANG_WARN_DOCUMENTATION_COMMENTS = YES;
				CLANG_WARN_EMPTY_BODY = YES;
				CLANG_WARN_ENUM_CONVERSION = YES;
				CLANG_WARN_INFINITE_RECURSION = YES;
				CLANG_WARN_INT_CONVERSION = YES;
				CLANG_WARN_NON_LITERAL_NULL_CONVERSION = YES;
				CLANG_WARN_OBJC_IMPLICIT_RETAIN_SELF = YES;
				CLANG_WARN_OBJC_LITERAL_CONVERSION = YES;
				CLANG_WARN_OBJC_ROOT_CLASS = YES_ERROR;
				CLANG_WARN_QUOTED_INCLUDE_IN_FRAMEWORK_HEADER = YES;
				CLANG_WARN_RANGE_LOOP_ANALYSIS = YES;
				CLANG_WARN_STRICT_PROTOTYPES = YES;
				CLANG_WARN_SUSPICIOUS_MOVE = YES;
				CLANG_WARN_UNGUARDED_AVAILABILITY = YES_AGGRESSIVE;
				CLANG_WARN_UNREACHABLE_CODE = YES;
				CLANG_WARN__DUPLICATE_METHOD_MATCH = YES;
				COPY_PHASE_STRIP = NO;
				DEBUG_INFORMATION_FORMAT = dwarf;
				ENABLE_STRICT_OBJC_MSGSEND = YES;
				ENABLE_TESTABILITY = YES;
				ENABLE_USER_SCRIPT_SANDBOXING = YES;
				GCC_C_LANGUAGE_STANDARD = gnu11;
				GCC_DYNAMIC_NO_PIC = NO;
				GCC_NO_COMMON_BLOCKS = YES;
				GCC_OPTIMIZATION_LEVEL = 0;
				GCC_PREPROCESSOR_DEFINITIONS = (
					"DEBUG=1",
					"$(inherited)",
				);
				GCC_WARN_64_TO_32_BIT_CONVERSION = YES;
				GCC_WARN_ABOUT_RETURN_TYPE = YES_ERROR;
				GCC_WARN_UNDECLARED_SELECTOR = YES;
				GCC_WARN_UNINITIALIZED_AUTOS = YES_AGGRESSIVE;
				GCC_WARN_UNUSED_FUNCTION = YES;
				GCC_WARN_UNUSED_VARIABLE = YES;
				IPHONEOS_DEPLOYMENT_TARGET = 16.4;
				MTL_ENABLE_DEBUG_INFO = INCLUDE_SOURCE;
				MTL_FAST_MATH = YES;
				ONLY_ACTIVE_ARCH = YES;
				SDKROOT = iphoneos;
				SWIFT_ACTIVE_COMPILATION_CONDITIONS = DEBUG;
				SWIFT_OPTIMIZATION_LEVEL = "-Onone";
			};
			name = Debug;
		};
		3A25B8E029E3181B0078D264 /* Release */ = {
			isa = XCBuildConfiguration;
			buildSettings = {
				ALWAYS_SEARCH_USER_PATHS = NO;
				CLANG_ANALYZER_NONNULL = YES;
				CLANG_ANALYZER_NUMBER_OBJECT_CONVERSION = YES_AGGRESSIVE;
				CLANG_CXX_LANGUAGE_STANDARD = "gnu++20";
				CLANG_ENABLE_MODULES = YES;
				CLANG_ENABLE_OBJC_ARC = YES;
				CLANG_ENABLE_OBJC_WEAK = YES;
				CLANG_WARN_BLOCK_CAPTURE_AUTORELEASING = YES;
				CLANG_WARN_BOOL_CONVERSION = YES;
				CLANG_WARN_COMMA = YES;
				CLANG_WARN_CONSTANT_CONVERSION = YES;
				CLANG_WARN_DEPRECATED_OBJC_IMPLEMENTATIONS = YES;
				CLANG_WARN_DIRECT_OBJC_ISA_USAGE = YES_ERROR;
				CLANG_WARN_DOCUMENTATION_COMMENTS = YES;
				CLANG_WARN_EMPTY_BODY = YES;
				CLANG_WARN_ENUM_CONVERSION = YES;
				CLANG_WARN_INFINITE_RECURSION = YES;
				CLANG_WARN_INT_CONVERSION = YES;
				CLANG_WARN_NON_LITERAL_NULL_CONVERSION = YES;
				CLANG_WARN_OBJC_IMPLICIT_RETAIN_SELF = YES;
				CLANG_WARN_OBJC_LITERAL_CONVERSION = YES;
				CLANG_WARN_OBJC_ROOT_CLASS = YES_ERROR;
				CLANG_WARN_QUOTED_INCLUDE_IN_FRAMEWORK_HEADER = YES;
				CLANG_WARN_RANGE_LOOP_ANALYSIS = YES;
				CLANG_WARN_STRICT_PROTOTYPES = YES;
				CLANG_WARN_SUSPICIOUS_MOVE = YES;
				CLANG_WARN_UNGUARDED_AVAILABILITY = YES_AGGRESSIVE;
				CLANG_WARN_UNREACHABLE_CODE = YES;
				CLANG_WARN__DUPLICATE_METHOD_MATCH = YES;
				COPY_PHASE_STRIP = NO;
				DEBUG_INFORMATION_FORMAT = "dwarf-with-dsym";
				ENABLE_NS_ASSERTIONS = NO;
				ENABLE_STRICT_OBJC_MSGSEND = YES;
				ENABLE_USER_SCRIPT_SANDBOXING = YES;
				GCC_C_LANGUAGE_STANDARD = gnu11;
				GCC_NO_COMMON_BLOCKS = YES;
				GCC_WARN_64_TO_32_BIT_CONVERSION = YES;
				GCC_WARN_ABOUT_RETURN_TYPE = YES_ERROR;
				GCC_WARN_UNDECLARED_SELECTOR = YES;
				GCC_WARN_UNINITIALIZED_AUTOS = YES_AGGRESSIVE;
				GCC_WARN_UNUSED_FUNCTION = YES;
				GCC_WARN_UNUSED_VARIABLE = YES;
				IPHONEOS_DEPLOYMENT_TARGET = 16.4;
				MTL_ENABLE_DEBUG_INFO = NO;
				MTL_FAST_MATH = YES;
				SDKROOT = iphoneos;
				SWIFT_COMPILATION_MODE = wholemodule;
				SWIFT_OPTIMIZATION_LEVEL = "-O";
				VALIDATE_PRODUCT = YES;
			};
			name = Release;
		};
		3A25B8E229E3181B0078D264 /* Debug */ = {
			isa = XCBuildConfiguration;
			buildSettings = {
				ASSETCATALOG_COMPILER_APPICON_NAME = AppIcon;
				ASSETCATALOG_COMPILER_GLOBAL_ACCENT_COLOR_NAME = AccentColor;
				CODE_SIGN_STYLE = Automatic;
				CURRENT_PROJECT_VERSION = 1;
				DEVELOPMENT_ASSET_PATHS = "\"AdrianIraizos_Anime_SwiftUI/Preview Content\"";
				DEVELOPMENT_TEAM = 6SPUJN2479;
				ENABLE_PREVIEWS = YES;
				GENERATE_INFOPLIST_FILE = YES;
				INFOPLIST_KEY_UIApplicationSceneManifest_Generation = YES;
				INFOPLIST_KEY_UIApplicationSupportsIndirectInputEvents = YES;
				INFOPLIST_KEY_UILaunchScreen_Generation = YES;
				INFOPLIST_KEY_UISupportedInterfaceOrientations_iPad = "UIInterfaceOrientationPortrait UIInterfaceOrientationPortraitUpsideDown UIInterfaceOrientationLandscapeLeft UIInterfaceOrientationLandscapeRight";
				INFOPLIST_KEY_UISupportedInterfaceOrientations_iPhone = "UIInterfaceOrientationPortrait UIInterfaceOrientationLandscapeLeft UIInterfaceOrientationLandscapeRight";
				LD_RUNPATH_SEARCH_PATHS = (
					"$(inherited)",
					"@executable_path/Frameworks",
				);
				MARKETING_VERSION = 1.0;
				PRODUCT_BUNDLE_IDENTIFIER = "dev.adrianiraizos.AdrianIraizos-Anime-SwiftUI";
				PRODUCT_NAME = "$(TARGET_NAME)";
				SWIFT_EMIT_LOC_STRINGS = YES;
				SWIFT_VERSION = 5.0;
				TARGETED_DEVICE_FAMILY = "1,2";
			};
			name = Debug;
		};
		3A25B8E329E3181B0078D264 /* Release */ = {
			isa = XCBuildConfiguration;
			buildSettings = {
				ASSETCATALOG_COMPILER_APPICON_NAME = AppIcon;
				ASSETCATALOG_COMPILER_GLOBAL_ACCENT_COLOR_NAME = AccentColor;
				CODE_SIGN_STYLE = Automatic;
				CURRENT_PROJECT_VERSION = 1;
				DEVELOPMENT_ASSET_PATHS = "\"AdrianIraizos_Anime_SwiftUI/Preview Content\"";
				DEVELOPMENT_TEAM = 6SPUJN2479;
				ENABLE_PREVIEWS = YES;
				GENERATE_INFOPLIST_FILE = YES;
				INFOPLIST_KEY_UIApplicationSceneManifest_Generation = YES;
				INFOPLIST_KEY_UIApplicationSupportsIndirectInputEvents = YES;
				INFOPLIST_KEY_UILaunchScreen_Generation = YES;
				INFOPLIST_KEY_UISupportedInterfaceOrientations_iPad = "UIInterfaceOrientationPortrait UIInterfaceOrientationPortraitUpsideDown UIInterfaceOrientationLandscapeLeft UIInterfaceOrientationLandscapeRight";
				INFOPLIST_KEY_UISupportedInterfaceOrientations_iPhone = "UIInterfaceOrientationPortrait UIInterfaceOrientationLandscapeLeft UIInterfaceOrientationLandscapeRight";
				LD_RUNPATH_SEARCH_PATHS = (
					"$(inherited)",
					"@executable_path/Frameworks",
				);
				MARKETING_VERSION = 1.0;
				PRODUCT_BUNDLE_IDENTIFIER = "dev.adrianiraizos.AdrianIraizos-Anime-SwiftUI";
				PRODUCT_NAME = "$(TARGET_NAME)";
				SWIFT_EMIT_LOC_STRINGS = YES;
				SWIFT_VERSION = 5.0;
				TARGETED_DEVICE_FAMILY = "1,2";
			};
			name = Release;
		};
		3A3205AC29F8133B001FE0FA /* Debug */ = {
			isa = XCBuildConfiguration;
			buildSettings = {
				BUNDLE_LOADER = "$(TEST_HOST)";
				CODE_SIGN_STYLE = Automatic;
				CURRENT_PROJECT_VERSION = 1;
				DEVELOPMENT_TEAM = 6SPUJN2479;
				GENERATE_INFOPLIST_FILE = YES;
				MARKETING_VERSION = 1.0;
				PRODUCT_BUNDLE_IDENTIFIER = "dev.adrianiraizos.AdrianIraizos-Anime-SwiftUITests";
				PRODUCT_NAME = "$(TARGET_NAME)";
				SWIFT_EMIT_LOC_STRINGS = NO;
				SWIFT_VERSION = 5.0;
				TARGETED_DEVICE_FAMILY = "1,2";
				TEST_HOST = "$(BUILT_PRODUCTS_DIR)/AdrianIraizos_Anime_SwiftUI.app/$(BUNDLE_EXECUTABLE_FOLDER_PATH)/AdrianIraizos_Anime_SwiftUI";
			};
			name = Debug;
		};
		3A3205AD29F8133B001FE0FA /* Release */ = {
			isa = XCBuildConfiguration;
			buildSettings = {
				BUNDLE_LOADER = "$(TEST_HOST)";
				CODE_SIGN_STYLE = Automatic;
				CURRENT_PROJECT_VERSION = 1;
				DEVELOPMENT_TEAM = 6SPUJN2479;
				GENERATE_INFOPLIST_FILE = YES;
				MARKETING_VERSION = 1.0;
				PRODUCT_BUNDLE_IDENTIFIER = "dev.adrianiraizos.AdrianIraizos-Anime-SwiftUITests";
				PRODUCT_NAME = "$(TARGET_NAME)";
				SWIFT_EMIT_LOC_STRINGS = NO;
				SWIFT_VERSION = 5.0;
				TARGETED_DEVICE_FAMILY = "1,2";
				TEST_HOST = "$(BUILT_PRODUCTS_DIR)/AdrianIraizos_Anime_SwiftUI.app/$(BUNDLE_EXECUTABLE_FOLDER_PATH)/AdrianIraizos_Anime_SwiftUI";
			};
			name = Release;
		};
/* End XCBuildConfiguration section */

/* Begin XCConfigurationList section */
		3A25B8CE29E3181A0078D264 /* Build configuration list for PBXProject "AdrianIraizos_Anime_SwiftUI" */ = {
			isa = XCConfigurationList;
			buildConfigurations = (
				3A25B8DF29E3181B0078D264 /* Debug */,
				3A25B8E029E3181B0078D264 /* Release */,
			);
			defaultConfigurationIsVisible = 0;
			defaultConfigurationName = Release;
		};
		3A25B8E129E3181B0078D264 /* Build configuration list for PBXNativeTarget "AdrianIraizos_Anime_SwiftUI" */ = {
			isa = XCConfigurationList;
			buildConfigurations = (
				3A25B8E229E3181B0078D264 /* Debug */,
				3A25B8E329E3181B0078D264 /* Release */,
			);
			defaultConfigurationIsVisible = 0;
			defaultConfigurationName = Release;
		};
		3A3205AB29F8133B001FE0FA /* Build configuration list for PBXNativeTarget "AdrianIraizos_Anime_SwiftUITests" */ = {
			isa = XCConfigurationList;
			buildConfigurations = (
				3A3205AC29F8133B001FE0FA /* Debug */,
				3A3205AD29F8133B001FE0FA /* Release */,
			);
			defaultConfigurationIsVisible = 0;
			defaultConfigurationName = Release;
		};
/* End XCConfigurationList section */
	};
	rootObject = 3A25B8CB29E3181A0078D264 /* Project object */;
}
